{
  "name": "infinite-teacher-backend",
  "version": "0.1.0",
  "lockfileVersion": 3,
  "requires": true,
  "packages": {
    "": {
      "name": "infinite-teacher-backend",
      "version": "0.1.0",
      "dependencies": {
        "cors": "^2.8.5",
        "dotenv": "^16.4.5",
        "express": "^4.21.2",
        "firebase-admin": "^14.2.0",
        "mongoose": "^9.7.4",
        "socket.io": "^4.8.1"
      },
      "devDependencies": {
        "@types/cors": "^2.8.17",
        "@types/express": "^4.17.21",
        "@types/node": "^22.10.5",
        "socket.io-client": "^4.8.1",
        "tsup": "^8.5.1",
        "tsx": "^4.19.2",
        "typescript": "^5.7.3"
      }
    },
    "node_modules/@esbuild/aix-ppc64": {
      "version": "0.27.7",
      "resolved": "https://registry.npmjs.org/@esbuild/aix-ppc64/-/aix-ppc64-0.27.7.tgz",
      "integrity": "sha512-EKX3Qwmhz1eMdEJokhALr0YiD0lhQNwDqkPYyPhiSwKrh7/4KRjQc04sZ8db+5DVVnZ1LmbNDI1uAMPEUBnQPg==",
      "cpu": ["ppc64"],
      "dev": true,
      "license": "MIT",
      "optional": true,
      "os": ["aix"],
      "engines": { "node": ">=18" }
    },
    "node_modules/@esbuild/android-arm": {
      "version": "0.27.7",
      "resolved": "https://registry.npmjs.org/@esbuild/android-arm/-/android-arm-0.27.7.tgz",
      "integrity": "sha512-jbPXvB4Yj2yBV7HUfE2KHe4GJX51QplCN1pGbYjvsyCZbQmies29EoJbkEc+vYuU5o45AfQn37vZlyXy4YJ8RQ==",
      "cpu": ["arm"],
      "dev": true,
      "license": "MIT",
      "optional": true,
      "os": ["android"],
      "engines": { "node": ">=18" }
    }
  }
}
